// !$*UTF8*$!
{
	archiveVersion = 1;
	classes = {
	};
	objectVersion = 56;
	objects = {

/* Begin PBXBuildFile section */
		E30649E42B17C69700FC2D5E /* UpdateRecept.swift in Sources */ = {isa = PBXBuildFile; fileRef = E30649E32B17C69700FC2D5E /* UpdateRecept.swift */; };
		E30649E62B17CCA300FC2D5E /* ReceptFormView.swift in Sources */ = {isa = PBXBuildFile; fileRef = E30649E52B17CCA300FC2D5E /* ReceptFormView.swift */; };
		E30649EA2B17D4C000FC2D5E /* ReceptFinishedView.swift in Sources */ = {isa = PBXBuildFile; fileRef = E30649E92B17D4C000FC2D5E /* ReceptFinishedView.swift */; };
		E3163AFE2B0DF69C009CAA9D /* projectApp.swift in Sources */ = {isa = PBXBuildFile; fileRef = E3163AFD2B0DF69C009CAA9D /* projectApp.swift */; };
		E3163B002B0DF69C009CAA9D /* ContentView.swift in Sources */ = {isa = PBXBuildFile; fileRef = E3163AFF2B0DF69C009CAA9D /* ContentView.swift */; };
		E3163B022B0DF69F009CAA9D /* Assets.xcassets in Resources */ = {isa = PBXBuildFile; fileRef = E3163B012B0DF69F009CAA9D /* Assets.xcassets */; };
		E3163B052B0DF69F009CAA9D /* Preview Assets.xcassets in Resources */ = {isa = PBXBuildFile; fileRef = E3163B042B0DF69F009CAA9D /* Preview Assets.xcassets */; };
		E3163B0E2B0DFB99009CAA9D /* Home.swift in Sources */ = {isa = PBXBuildFile; fileRef = E3163B0D2B0DFB99009CAA9D /* Home.swift */; };
		E3163B102B0DFFB4009CAA9D /* Receptenboekje.swift in Sources */ = {isa = PBXBuildFile; fileRef = E3163B0F2B0DFFB4009CAA9D /* Receptenboekje.swift */; };
		E32389B32B2B914F00CE302C /* IngredientenJSONDecoder.swift in Sources */ = {isa = PBXBuildFile; fileRef = E32389B22B2B914F00CE302C /* IngredientenJSONDecoder.swift */; };
		E32389B52B2B939500CE302C /* ReceptContainer.swift in Sources */ = {isa = PBXBuildFile; fileRef = E32389B42B2B939500CE302C /* ReceptContainer.swift */; };
		E32389B72B2B9A8400CE302C /* StandaardIngredienten.json in Resources */ = {isa = PBXBuildFile; fileRef = E32389B62B2B9A8400CE302C /* StandaardIngredienten.json */; };
		E333C9562B1A0C1A004FFEB2 /* IngredientListView.swift in Sources */ = {isa = PBXBuildFile; fileRef = E333C9552B1A0C1A004FFEB2 /* IngredientListView.swift */; };
		E370B08F2B2DFF18000F7A4E /* SortingExtension.swift in Sources */ = {isa = PBXBuildFile; fileRef = E370B08E2B2DFF18000F7A4E /* SortingExtension.swift */; };
		E3818AF02B20CA2000A6E10F /* WeekGerechtView.swift in Sources */ = {isa = PBXBuildFile; fileRef = E3818AEF2B20CA2000A6E10F /* WeekGerechtView.swift */; };
		E3818AF42B20DCAB00A6E10F /* VoegSchemaToe.swift in Sources */ = {isa = PBXBuildFile; fileRef = E3818AF32B20DCAB00A6E10F /* VoegSchemaToe.swift */; };
		E3818AF62B20EFD000A6E10F /* ReceptenPickerView.swift in Sources */ = {isa = PBXBuildFile; fileRef = E3818AF52B20EFCF00A6E10F /* ReceptenPickerView.swift */; };
		E3818AFA2B2101B800A6E10F /* LijstWeekGerechtView.swift in Sources */ = {isa = PBXBuildFile; fileRef = E3818AF92B2101B800A6E10F /* LijstWeekGerechtView.swift */; };
		E383CA422B25FE7C006F8684 /* SchemaView.swift in Sources */ = {isa = PBXBuildFile; fileRef = E383CA412B25FE7C006F8684 /* SchemaView.swift */; };
		E385D5752B0E2BF400494866 /* ReceptenModel.swift in Sources */ = {isa = PBXBuildFile; fileRef = E385D5742B0E2BF400494866 /* ReceptenModel.swift */; };
		E385D5772B0E2E3200494866 /* CreateRecept.swift in Sources */ = {isa = PBXBuildFile; fileRef = E385D5762B0E2E3200494866 /* CreateRecept.swift */; };
		E39DB03A2B1A03DD00EF7A7B /* IngredientenModel.swift in Sources */ = {isa = PBXBuildFile; fileRef = E39DB0392B1A03DD00EF7A7B /* IngredientenModel.swift */; };
		E3E1F8892B2639D70025C547 /* DayReceptPickerView.swift in Sources */ = {isa = PBXBuildFile; fileRef = E3E1F8882B2639D70025C547 /* DayReceptPickerView.swift */; };
		E3E1F88D2B29060B0025C547 /* Website.swift in Sources */ = {isa = PBXBuildFile; fileRef = E3E1F88C2B29060B0025C547 /* Website.swift */; };
		E3E956E82B2F40C300C390E3 /* SortFilterSheet.swift in Sources */ = {isa = PBXBuildFile; fileRef = E3E956E72B2F40C300C390E3 /* SortFilterSheet.swift */; };
		E3E956EA2B2F42E600C390E3 /* FilterViewModel.swift in Sources */ = {isa = PBXBuildFile; fileRef = E3E956E92B2F42E600C390E3 /* FilterViewModel.swift */; };
		E3E956EE2B2F5E5F00C390E3 /* IndicatorView.swift in Sources */ = {isa = PBXBuildFile; fileRef = E3E956ED2B2F5E5F00C390E3 /* IndicatorView.swift */; };
		E3E956F32B2F626F00C390E3 /* TileView.swift in Sources */ = {isa = PBXBuildFile; fileRef = E3E956F22B2F626F00C390E3 /* TileView.swift */; };
		E3EBF9DC2B21EE4C00F44B20 /* UserModel.swift in Sources */ = {isa = PBXBuildFile; fileRef = E3EBF9DB2B21EE4C00F44B20 /* UserModel.swift */; };
		E3FA4E0D2B1F4666003D11D2 /* Boodschappen.swift in Sources */ = {isa = PBXBuildFile; fileRef = E3FA4E0C2B1F4666003D11D2 /* Boodschappen.swift */; };
/* End PBXBuildFile section */

/* Begin PBXFileReference section */
		E30649E32B17C69700FC2D5E /* UpdateRecept.swift */ = {isa = PBXFileReference; lastKnownFileType = sourcecode.swift; path = UpdateRecept.swift; sourceTree = "<group>"; };
		E30649E52B17CCA300FC2D5E /* ReceptFormView.swift */ = {isa = PBXFileReference; lastKnownFileType = sourcecode.swift; path = ReceptFormView.swift; sourceTree = "<group>"; };
		E30649E92B17D4C000FC2D5E /* ReceptFinishedView.swift */ = {isa = PBXFileReference; lastKnownFileType = sourcecode.swift; path = ReceptFinishedView.swift; sourceTree = "<group>"; };
		E3163AFA2B0DF69C009CAA9D /* project.app */ = {isa = PBXFileReference; explicitFileType = wrapper.application; includeInIndex = 0; path = project.app; sourceTree = BUILT_PRODUCTS_DIR; };
		E3163AFD2B0DF69C009CAA9D /* projectApp.swift */ = {isa = PBXFileReference; lastKnownFileType = sourcecode.swift; path = projectApp.swift; sourceTree = "<group>"; };
		E3163AFF2B0DF69C009CAA9D /* ContentView.swift */ = {isa = PBXFileReference; lastKnownFileType = sourcecode.swift; path = ContentView.swift; sourceTree = "<group>"; };
		E3163B012B0DF69F009CAA9D /* Assets.xcassets */ = {isa = PBXFileReference; lastKnownFileType = folder.assetcatalog; path = Assets.xcassets; sourceTree = "<group>"; };
		E3163B042B0DF69F009CAA9D /* Preview Assets.xcassets */ = {isa = PBXFileReference; lastKnownFileType = folder.assetcatalog; path = "Preview Assets.xcassets"; sourceTree = "<group>"; };
		E3163B0D2B0DFB99009CAA9D /* Home.swift */ = {isa = PBXFileReference; lastKnownFileType = sourcecode.swift; path = Home.swift; sourceTree = "<group>"; };
		E3163B0F2B0DFFB4009CAA9D /* Receptenboekje.swift */ = {isa = PBXFileReference; lastKnownFileType = sourcecode.swift; path = Receptenboekje.swift; sourceTree = "<group>"; };
		E32389B22B2B914F00CE302C /* IngredientenJSONDecoder.swift */ = {isa = PBXFileReference; lastKnownFileType = sourcecode.swift; path = IngredientenJSONDecoder.swift; sourceTree = "<group>"; };
		E32389B42B2B939500CE302C /* ReceptContainer.swift */ = {isa = PBXFileReference; lastKnownFileType = sourcecode.swift; path = ReceptContainer.swift; sourceTree = "<group>"; };
		E32389B62B2B9A8400CE302C /* StandaardIngredienten.json */ = {isa = PBXFileReference; lastKnownFileType = text.json; path = StandaardIngredienten.json; sourceTree = "<group>"; };
		E333C9552B1A0C1A004FFEB2 /* IngredientListView.swift */ = {isa = PBXFileReference; lastKnownFileType = sourcecode.swift; path = IngredientListView.swift; sourceTree = "<group>"; };
		E370B08E2B2DFF18000F7A4E /* SortingExtension.swift */ = {isa = PBXFileReference; lastKnownFileType = sourcecode.swift; path = SortingExtension.swift; sourceTree = "<group>"; };
		E3818AEF2B20CA2000A6E10F /* WeekGerechtView.swift */ = {isa = PBXFileReference; lastKnownFileType = sourcecode.swift; path = WeekGerechtView.swift; sourceTree = "<group>"; };
		E3818AF32B20DCAB00A6E10F /* VoegSchemaToe.swift */ = {isa = PBXFileReference; lastKnownFileType = sourcecode.swift; path = VoegSchemaToe.swift; sourceTree = "<group>"; };
		E3818AF52B20EFCF00A6E10F /* ReceptenPickerView.swift */ = {isa = PBXFileReference; lastKnownFileType = sourcecode.swift; path = ReceptenPickerView.swift; sourceTree = "<group>"; };
		E3818AF92B2101B800A6E10F /* LijstWeekGerechtView.swift */ = {isa = PBXFileReference; lastKnownFileType = sourcecode.swift; path = LijstWeekGerechtView.swift; sourceTree = "<group>"; };
		E383CA412B25FE7C006F8684 /* SchemaView.swift */ = {isa = PBXFileReference; lastKnownFileType = sourcecode.swift; path = SchemaView.swift; sourceTree = "<group>"; };
		E385D5742B0E2BF400494866 /* ReceptenModel.swift */ = {isa = PBXFileReference; lastKnownFileType = sourcecode.swift; path = ReceptenModel.swift; sourceTree = "<group>"; };
		E385D5762B0E2E3200494866 /* CreateRecept.swift */ = {isa = PBXFileReference; lastKnownFileType = sourcecode.swift; path = CreateRecept.swift; sourceTree = "<group>"; };
		E39DB0392B1A03DD00EF7A7B /* IngredientenModel.swift */ = {isa = PBXFileReference; lastKnownFileType = sourcecode.swift; path = IngredientenModel.swift; sourceTree = "<group>"; };
		E3E1F8882B2639D70025C547 /* DayReceptPickerView.swift */ = {isa = PBXFileReference; lastKnownFileType = sourcecode.swift; path = DayReceptPickerView.swift; sourceTree = "<group>"; };
		E3E1F88C2B29060B0025C547 /* Website.swift */ = {isa = PBXFileReference; lastKnownFileType = sourcecode.swift; path = Website.swift; sourceTree = "<group>"; };
		E3E956E72B2F40C300C390E3 /* SortFilterSheet.swift */ = {isa = PBXFileReference; lastKnownFileType = sourcecode.swift; path = SortFilterSheet.swift; sourceTree = "<group>"; };
		E3E956E92B2F42E600C390E3 /* FilterViewModel.swift */ = {isa = PBXFileReference; lastKnownFileType = sourcecode.swift; path = FilterViewModel.swift; sourceTree = "<group>"; };
		E3E956ED2B2F5E5F00C390E3 /* IndicatorView.swift */ = {isa = PBXFileReference; lastKnownFileType = sourcecode.swift; path = IndicatorView.swift; sourceTree = "<group>"; };
		E3E956F22B2F626F00C390E3 /* TileView.swift */ = {isa = PBXFileReference; lastKnownFileType = sourcecode.swift; path = TileView.swift; sourceTree = "<group>"; };
		E3EBF9DB2B21EE4C00F44B20 /* UserModel.swift */ = {isa = PBXFileReference; lastKnownFileType = sourcecode.swift; path = UserModel.swift; sourceTree = "<group>"; };
		E3FA4E0C2B1F4666003D11D2 /* Boodschappen.swift */ = {isa = PBXFileReference; lastKnownFileType = sourcecode.swift; path = Boodschappen.swift; sourceTree = "<group>"; };
/* End PBXFileReference section */

/* Begin PBXFrameworksBuildPhase section */
		E3163AF72B0DF69C009CAA9D /* Frameworks */ = {
			isa = PBXFrameworksBuildPhase;
			buildActionMask = 2147483647;
			files = (
			);
			runOnlyForDeploymentPostprocessing = 0;
		};
/* End PBXFrameworksBuildPhase section */

/* Begin PBXGroup section */
		E3163AF12B0DF69C009CAA9D = {
			isa = PBXGroup;
			children = (
				E3163AFC2B0DF69C009CAA9D /* project */,
				E3163AFB2B0DF69C009CAA9D /* Products */,
			);
			sourceTree = "<group>";
		};
		E3163AFB2B0DF69C009CAA9D /* Products */ = {
			isa = PBXGroup;
			children = (
				E3163AFA2B0DF69C009CAA9D /* project.app */,
			);
			name = Products;
			sourceTree = "<group>";
		};
		E3163AFC2B0DF69C009CAA9D /* project */ = {
			isa = PBXGroup;
			children = (
				E3163AFD2B0DF69C009CAA9D /* projectApp.swift */,
				E3163AFF2B0DF69C009CAA9D /* ContentView.swift */,
				E39DB0382B1A033B00EF7A7B /* Models */,
				E3E956EB2B2F48C300C390E3 /* Helpers */,
				E3163B132B0E23AD009CAA9D /* Home */,
				E3163B122B0E23A2009CAA9D /* Boekje */,
				E3163B142B0E23C7009CAA9D /* Boodschappen */,
				E3E1F88E2B29060F0025C547 /* Website */,
				E3163B032B0DF69F009CAA9D /* Preview Content */,
			);
			path = project;
			sourceTree = "<group>";
		};
		E3163B032B0DF69F009CAA9D /* Preview Content */ = {
			isa = PBXGroup;
			children = (
				E3163B012B0DF69F009CAA9D /* Assets.xcassets */,
				E3163B042B0DF69F009CAA9D /* Preview Assets.xcassets */,
			);
			path = "Preview Content";
			sourceTree = "<group>";
		};
		E3163B122B0E23A2009CAA9D /* Boekje */ = {
			isa = PBXGroup;
			children = (
				E3163B0F2B0DFFB4009CAA9D /* Receptenboekje.swift */,
				E385D5762B0E2E3200494866 /* CreateRecept.swift */,
				E30649E32B17C69700FC2D5E /* UpdateRecept.swift */,
				E30649E92B17D4C000FC2D5E /* ReceptFinishedView.swift */,
				E3D995B32B0EA00D00324865 /* Forms */,
			);
			path = Boekje;
			sourceTree = "<group>";
		};
		E3163B132B0E23AD009CAA9D /* Home */ = {
			isa = PBXGroup;
			children = (
				E3163B0D2B0DFB99009CAA9D /* Home.swift */,
				E383CA412B25FE7C006F8684 /* SchemaView.swift */,
				E3818AEF2B20CA2000A6E10F /* WeekGerechtView.swift */,
				E3818AF22B20CA3400A6E10F /* SchemaToevoegen */,
				E3E956EC2B2F593E00C390E3 /* ReceptToevoegen */,
			);
			path = Home;
			sourceTree = "<group>";
		};
		E3163B142B0E23C7009CAA9D /* Boodschappen */ = {
			isa = PBXGroup;
			children = (
				E3FA4E0C2B1F4666003D11D2 /* Boodschappen.swift */,
			);
			path = Boodschappen;
			sourceTree = "<group>";
		};
		E3818AF22B20CA3400A6E10F /* SchemaToevoegen */ = {
			isa = PBXGroup;
			children = (
				E3818AF32B20DCAB00A6E10F /* VoegSchemaToe.swift */,
				E3818AF92B2101B800A6E10F /* LijstWeekGerechtView.swift */,
			);
			path = SchemaToevoegen;
			sourceTree = "<group>";
		};
		E39DB0382B1A033B00EF7A7B /* Models */ = {
			isa = PBXGroup;
			children = (
				E32389B42B2B939500CE302C /* ReceptContainer.swift */,
				E385D5742B0E2BF400494866 /* ReceptenModel.swift */,
				E39DB0392B1A03DD00EF7A7B /* IngredientenModel.swift */,
				E3EBF9DB2B21EE4C00F44B20 /* UserModel.swift */,
			);
			path = Models;
			sourceTree = "<group>";
		};
		E3D995B32B0EA00D00324865 /* Forms */ = {
			isa = PBXGroup;
			children = (
				E30649E52B17CCA300FC2D5E /* ReceptFormView.swift */,
				E333C9552B1A0C1A004FFEB2 /* IngredientListView.swift */,
			);
			path = Forms;
			sourceTree = "<group>";
		};
		E3E1F88E2B29060F0025C547 /* Website */ = {
			isa = PBXGroup;
			children = (
				E3E1F88C2B29060B0025C547 /* Website.swift */,
			);
			path = Website;
			sourceTree = "<group>";
		};
		E3E956E52B2F3DFF00C390E3 /* IngredientDecoder */ = {
			isa = PBXGroup;
			children = (
				E32389B22B2B914F00CE302C /* IngredientenJSONDecoder.swift */,
				E32389B62B2B9A8400CE302C /* StandaardIngredienten.json */,
			);
			path = IngredientDecoder;
			sourceTree = "<group>";
		};
		E3E956E62B2F40AF00C390E3 /* SortFilter */ = {
			isa = PBXGroup;
			children = (
				E3E956E72B2F40C300C390E3 /* SortFilterSheet.swift */,
				E370B08E2B2DFF18000F7A4E /* SortingExtension.swift */,
				E3E956E92B2F42E600C390E3 /* FilterViewModel.swift */,
			);
			path = SortFilter;
			sourceTree = "<group>";
		};
		E3E956EB2B2F48C300C390E3 /* Helpers */ = {
			isa = PBXGroup;
			children = (
				E3E956F12B2F625D00C390E3 /* Views */,
				E3E956E62B2F40AF00C390E3 /* SortFilter */,
				E3E956E52B2F3DFF00C390E3 /* IngredientDecoder */,
			);
			path = Helpers;
			sourceTree = "<group>";
		};
		E3E956EC2B2F593E00C390E3 /* ReceptToevoegen */ = {
			isa = PBXGroup;
			children = (
				E3E1F8882B2639D70025C547 /* DayReceptPickerView.swift */,
				E3818AF52B20EFCF00A6E10F /* ReceptenPickerView.swift */,
			);
			path = ReceptToevoegen;
			sourceTree = "<group>";
		};
		E3E956F12B2F625D00C390E3 /* Views */ = {
			isa = PBXGroup;
			children = (
				E3E956ED2B2F5E5F00C390E3 /* IndicatorView.swift */,
				E3E956F22B2F626F00C390E3 /* TileView.swift */,
			);
			path = Views;
			sourceTree = "<group>";
		};
/* End PBXGroup section */

/* Begin PBXNativeTarget section */
		E3163AF92B0DF69C009CAA9D /* project */ = {
			isa = PBXNativeTarget;
			buildConfigurationList = E3163B082B0DF69F009CAA9D /* Build configuration list for PBXNativeTarget "project" */;
			buildPhases = (
				E3163AF62B0DF69C009CAA9D /* Sources */,
				E3163AF72B0DF69C009CAA9D /* Frameworks */,
				E3163AF82B0DF69C009CAA9D /* Resources */,
			);
			buildRules = (
			);
			dependencies = (
			);
			name = project;
			productName = project;
			productReference = E3163AFA2B0DF69C009CAA9D /* project.app */;
			productType = "com.apple.product-type.application";
		};
/* End PBXNativeTarget section */

/* Begin PBXProject section */
		E3163AF22B0DF69C009CAA9D /* Project object */ = {
			isa = PBXProject;
			attributes = {
				BuildIndependentTargetsInParallel = 1;
				LastSwiftUpdateCheck = 1500;
				LastUpgradeCheck = 1500;
				TargetAttributes = {
					E3163AF92B0DF69C009CAA9D = {
						CreatedOnToolsVersion = 15.0.1;
					};
				};
			};
			buildConfigurationList = E3163AF52B0DF69C009CAA9D /* Build configuration list for PBXProject "project" */;
			compatibilityVersion = "Xcode 14.0";
			developmentRegion = en;
			hasScannedForEncodings = 0;
			knownRegions = (
				en,
				Base,
			);
			mainGroup = E3163AF12B0DF69C009CAA9D;
			productRefGroup = E3163AFB2B0DF69C009CAA9D /* Products */;
			projectDirPath = "";
			projectRoot = "";
			targets = (
				E3163AF92B0DF69C009CAA9D /* project */,
			);
		};
/* End PBXProject section */

/* Begin PBXResourcesBuildPhase section */
		E3163AF82B0DF69C009CAA9D /* Resources */ = {
			isa = PBXResourcesBuildPhase;
			buildActionMask = 2147483647;
			files = (
				E3163B052B0DF69F009CAA9D /* Preview Assets.xcassets in Resources */,
				E3163B022B0DF69F009CAA9D /* Assets.xcassets in Resources */,
				E32389B72B2B9A8400CE302C /* StandaardIngredienten.json in Resources */,
			);
			runOnlyForDeploymentPostprocessing = 0;
		};
/* End PBXResourcesBuildPhase section */

/* Begin PBXSourcesBuildPhase section */
		E3163AF62B0DF69C009CAA9D /* Sources */ = {
			isa = PBXSourcesBuildPhase;
			buildActionMask = 2147483647;
			files = (
				E385D5772B0E2E3200494866 /* CreateRecept.swift in Sources */,
				E3E956EE2B2F5E5F00C390E3 /* IndicatorView.swift in Sources */,
				E30649EA2B17D4C000FC2D5E /* ReceptFinishedView.swift in Sources */,
				E3E1F88D2B29060B0025C547 /* Website.swift in Sources */,
				E3E1F8892B2639D70025C547 /* DayReceptPickerView.swift in Sources */,
				E3163B002B0DF69C009CAA9D /* ContentView.swift in Sources */,
				E30649E42B17C69700FC2D5E /* UpdateRecept.swift in Sources */,
				E3E956E82B2F40C300C390E3 /* SortFilterSheet.swift in Sources */,
				E370B08F2B2DFF18000F7A4E /* SortingExtension.swift in Sources */,
				E383CA422B25FE7C006F8684 /* SchemaView.swift in Sources */,
				E3EBF9DC2B21EE4C00F44B20 /* UserModel.swift in Sources */,
				E39DB03A2B1A03DD00EF7A7B /* IngredientenModel.swift in Sources */,
				E3163B102B0DFFB4009CAA9D /* Receptenboekje.swift in Sources */,
				E3E956EA2B2F42E600C390E3 /* FilterViewModel.swift in Sources */,
				E3818AF02B20CA2000A6E10F /* WeekGerechtView.swift in Sources */,
				E3818AFA2B2101B800A6E10F /* LijstWeekGerechtView.swift in Sources */,
				E3163AFE2B0DF69C009CAA9D /* projectApp.swift in Sources */,
				E32389B52B2B939500CE302C /* ReceptContainer.swift in Sources */,
				E30649E62B17CCA300FC2D5E /* ReceptFormView.swift in Sources */,
				E3818AF62B20EFD000A6E10F /* ReceptenPickerView.swift in Sources */,
				E385D5752B0E2BF400494866 /* ReceptenModel.swift in Sources */,
				E3163B0E2B0DFB99009CAA9D /* Home.swift in Sources */,
				E32389B32B2B914F00CE302C /* IngredientenJSONDecoder.swift in Sources */,
				E3FA4E0D2B1F4666003D11D2 /* Boodschappen.swift in Sources */,
				E3818AF42B20DCAB00A6E10F /* VoegSchemaToe.swift in Sources */,
				E3E956F32B2F626F00C390E3 /* TileView.swift in Sources */,
				E333C9562B1A0C1A004FFEB2 /* IngredientListView.swift in Sources */,
			);
			runOnlyForDeploymentPostprocessing = 0;
		};
/* End PBXSourcesBuildPhase section */

/* Begin XCBuildConfiguration section */
		E3163B062B0DF69F009CAA9D /* Debug */ = {
			isa = XCBuildConfiguration;
			buildSettings = {
				ALWAYS_SEARCH_USER_PATHS = NO;
				ASSETCATALOG_COMPILER_GENERATE_SWIFT_ASSET_SYMBOL_EXTENSIONS = YES;
				CLANG_ANALYZER_NONNULL = YES;
				CLANG_ANALYZER_NUMBER_OBJECT_CONVERSION = YES_AGGRESSIVE;
				CLANG_CXX_LANGUAGE_STANDARD = "gnu++20";
				CLANG_ENABLE_MODULES = YES;
				CLANG_ENABLE_OBJC_ARC = YES;
				CLANG_ENABLE_OBJC_WEAK = YES;
				CLANG_WARN_BLOCK_CAPTURE_AUTORELEASING = YES;
				CLANG_WARN_BOOL_CONVERSION = YES;
				CLANG_WARN_COMMA = YES;
				CLANG_WARN_CONSTANT_CONVERSION = YES;
				CLANG_WARN_DEPRECATED_OBJC_IMPLEMENTATIONS = YES;
				CLANG_WARN_DIRECT_OBJC_ISA_USAGE = YES_ERROR;
				CLANG_WARN_DOCUMENTATION_COMMENTS = YES;
				CLANG_WARN_EMPTY_BODY = YES;
				CLANG_WARN_ENUM_CONVERSION = YES;
				CLANG_WARN_INFINITE_RECURSION = YES;
				CLANG_WARN_INT_CONVERSION = YES;
				CLANG_WARN_NON_LITERAL_NULL_CONVERSION = YES;
				CLANG_WARN_OBJC_IMPLICIT_RETAIN_SELF = YES;
				CLANG_WARN_OBJC_LITERAL_CONVERSION = YES;
				CLANG_WARN_OBJC_ROOT_CLASS = YES_ERROR;
				CLANG_WARN_QUOTED_INCLUDE_IN_FRAMEWORK_HEADER = YES;
				CLANG_WARN_RANGE_LOOP_ANALYSIS = YES;
				CLANG_WARN_STRICT_PROTOTYPES = YES;
				CLANG_WARN_SUSPICIOUS_MOVE = YES;
				CLANG_WARN_UNGUARDED_AVAILABILITY = YES_AGGRESSIVE;
				CLANG_WARN_UNREACHABLE_CODE = YES;
				CLANG_WARN__DUPLICATE_METHOD_MATCH = YES;
				COPY_PHASE_STRIP = NO;
				DEBUG_INFORMATION_FORMAT = dwarf;
				ENABLE_STRICT_OBJC_MSGSEND = YES;
				ENABLE_TESTABILITY = YES;
				ENABLE_USER_SCRIPT_SANDBOXING = YES;
				GCC_C_LANGUAGE_STANDARD = gnu17;
				GCC_DYNAMIC_NO_PIC = NO;
				GCC_NO_COMMON_BLOCKS = YES;
				GCC_OPTIMIZATION_LEVEL = 0;
				GCC_PREPROCESSOR_DEFINITIONS = (
					"DEBUG=1",
					"$(inherited)",
				);
				GCC_WARN_64_TO_32_BIT_CONVERSION = YES;
				GCC_WARN_ABOUT_RETURN_TYPE = YES_ERROR;
				GCC_WARN_UNDECLARED_SELECTOR = YES;
				GCC_WARN_UNINITIALIZED_AUTOS = YES_AGGRESSIVE;
				GCC_WARN_UNUSED_FUNCTION = YES;
				GCC_WARN_UNUSED_VARIABLE = YES;
				IPHONEOS_DEPLOYMENT_TARGET = 17.0;
				LOCALIZATION_PREFERS_STRING_CATALOGS = YES;
				MTL_ENABLE_DEBUG_INFO = INCLUDE_SOURCE;
				MTL_FAST_MATH = YES;
				ONLY_ACTIVE_ARCH = YES;
				SDKROOT = iphoneos;
				SWIFT_ACTIVE_COMPILATION_CONDITIONS = "DEBUG $(inherited)";
				SWIFT_OPTIMIZATION_LEVEL = "-Onone";
			};
			name = Debug;
		};
		E3163B072B0DF69F009CAA9D /* Release */ = {
			isa = XCBuildConfiguration;
			buildSettings = {
				ALWAYS_SEARCH_USER_PATHS = NO;
				ASSETCATALOG_COMPILER_GENERATE_SWIFT_ASSET_SYMBOL_EXTENSIONS = YES;
				CLANG_ANALYZER_NONNULL = YES;
				CLANG_ANALYZER_NUMBER_OBJECT_CONVERSION = YES_AGGRESSIVE;
				CLANG_CXX_LANGUAGE_STANDARD = "gnu++20";
				CLANG_ENABLE_MODULES = YES;
				CLANG_ENABLE_OBJC_ARC = YES;
				CLANG_ENABLE_OBJC_WEAK = YES;
				CLANG_WARN_BLOCK_CAPTURE_AUTORELEASING = YES;
				CLANG_WARN_BOOL_CONVERSION = YES;
				CLANG_WARN_COMMA = YES;
				CLANG_WARN_CONSTANT_CONVERSION = YES;
				CLANG_WARN_DEPRECATED_OBJC_IMPLEMENTATIONS = YES;
				CLANG_WARN_DIRECT_OBJC_ISA_USAGE = YES_ERROR;
				CLANG_WARN_DOCUMENTATION_COMMENTS = YES;
				CLANG_WARN_EMPTY_BODY = YES;
				CLANG_WARN_ENUM_CONVERSION = YES;
				CLANG_WARN_INFINITE_RECURSION = YES;
				CLANG_WARN_INT_CONVERSION = YES;
				CLANG_WARN_NON_LITERAL_NULL_CONVERSION = YES;
				CLANG_WARN_OBJC_IMPLICIT_RETAIN_SELF = YES;
				CLANG_WARN_OBJC_LITERAL_CONVERSION = YES;
				CLANG_WARN_OBJC_ROOT_CLASS = YES_ERROR;
				CLANG_WARN_QUOTED_INCLUDE_IN_FRAMEWORK_HEADER = YES;
				CLANG_WARN_RANGE_LOOP_ANALYSIS = YES;
				CLANG_WARN_STRICT_PROTOTYPES = YES;
				CLANG_WARN_SUSPICIOUS_MOVE = YES;
				CLANG_WARN_UNGUARDED_AVAILABILITY = YES_AGGRESSIVE;
				CLANG_WARN_UNREACHABLE_CODE = YES;
				CLANG_WARN__DUPLICATE_METHOD_MATCH = YES;
				COPY_PHASE_STRIP = NO;
				DEBUG_INFORMATION_FORMAT = "dwarf-with-dsym";
				ENABLE_NS_ASSERTIONS = NO;
				ENABLE_STRICT_OBJC_MSGSEND = YES;
				ENABLE_USER_SCRIPT_SANDBOXING = YES;
				GCC_C_LANGUAGE_STANDARD = gnu17;
				GCC_NO_COMMON_BLOCKS = YES;
				GCC_WARN_64_TO_32_BIT_CONVERSION = YES;
				GCC_WARN_ABOUT_RETURN_TYPE = YES_ERROR;
				GCC_WARN_UNDECLARED_SELECTOR = YES;
				GCC_WARN_UNINITIALIZED_AUTOS = YES_AGGRESSIVE;
				GCC_WARN_UNUSED_FUNCTION = YES;
				GCC_WARN_UNUSED_VARIABLE = YES;
				IPHONEOS_DEPLOYMENT_TARGET = 17.0;
				LOCALIZATION_PREFERS_STRING_CATALOGS = YES;
				MTL_ENABLE_DEBUG_INFO = NO;
				MTL_FAST_MATH = YES;
				SDKROOT = iphoneos;
				SWIFT_COMPILATION_MODE = wholemodule;
				VALIDATE_PRODUCT = YES;
			};
			name = Release;
		};
		E3163B092B0DF69F009CAA9D /* Debug */ = {
			isa = XCBuildConfiguration;
			buildSettings = {
				ASSETCATALOG_COMPILER_APPICON_NAME = AppIcon;
				ASSETCATALOG_COMPILER_GLOBAL_ACCENT_COLOR_NAME = AccentColor;
				CODE_SIGN_IDENTITY = "Apple Development";
				CODE_SIGN_STYLE = Automatic;
				CURRENT_PROJECT_VERSION = 1;
				DEVELOPMENT_ASSET_PATHS = "\"project/Preview Content\"";
				DEVELOPMENT_TEAM = R5TKANB9DX;
				ENABLE_PREVIEWS = YES;
				GENERATE_INFOPLIST_FILE = YES;
				INFOPLIST_KEY_CFBundleDisplayName = MealMediate;
				INFOPLIST_KEY_UIApplicationSceneManifest_Generation = YES;
				INFOPLIST_KEY_UIApplicationSupportsIndirectInputEvents = YES;
				INFOPLIST_KEY_UILaunchScreen_Generation = YES;
				INFOPLIST_KEY_UISupportedInterfaceOrientations_iPad = "UIInterfaceOrientationPortrait UIInterfaceOrientationPortraitUpsideDown UIInterfaceOrientationLandscapeLeft UIInterfaceOrientationLandscapeRight";
				INFOPLIST_KEY_UISupportedInterfaceOrientations_iPhone = "UIInterfaceOrientationPortrait UIInterfaceOrientationLandscapeLeft UIInterfaceOrientationLandscapeRight";
				LD_RUNPATH_SEARCH_PATHS = (
					"$(inherited)",
					"@executable_path/Frameworks",
				);
				MARKETING_VERSION = 1.0;
				PRODUCT_BUNDLE_IDENTIFIER = salome.project;
				PRODUCT_NAME = "$(TARGET_NAME)";
				PROVISIONING_PROFILE_SPECIFIER = "";
				SWIFT_EMIT_LOC_STRINGS = YES;
				SWIFT_VERSION = 5.0;
				TARGETED_DEVICE_FAMILY = "1,2";
			};
			name = Debug;
		};
		E3163B0A2B0DF69F009CAA9D /* Release */ = {
			isa = XCBuildConfiguration;
			buildSettings = {
				ASSETCATALOG_COMPILER_APPICON_NAME = AppIcon;
				ASSETCATALOG_COMPILER_GLOBAL_ACCENT_COLOR_NAME = AccentColor;
				CODE_SIGN_IDENTITY = "Apple Development";
				CODE_SIGN_STYLE = Automatic;
				CURRENT_PROJECT_VERSION = 1;
				DEVELOPMENT_ASSET_PATHS = "\"project/Preview Content\"";
				DEVELOPMENT_TEAM = R5TKANB9DX;
				ENABLE_PREVIEWS = YES;
				GENERATE_INFOPLIST_FILE = YES;
				INFOPLIST_KEY_CFBundleDisplayName = MealMediate;
				INFOPLIST_KEY_UIApplicationSceneManifest_Generation = YES;
				INFOPLIST_KEY_UIApplicationSupportsIndirectInputEvents = YES;
				INFOPLIST_KEY_UILaunchScreen_Generation = YES;
				INFOPLIST_KEY_UISupportedInterfaceOrientations_iPad = "UIInterfaceOrientationPortrait UIInterfaceOrientationPortraitUpsideDown UIInterfaceOrientationLandscapeLeft UIInterfaceOrientationLandscapeRight";
				INFOPLIST_KEY_UISupportedInterfaceOrientations_iPhone = "UIInterfaceOrientationPortrait UIInterfaceOrientationLandscapeLeft UIInterfaceOrientationLandscapeRight";
				LD_RUNPATH_SEARCH_PATHS = (
					"$(inherited)",
					"@executable_path/Frameworks",
				);
				MARKETING_VERSION = 1.0;
				PRODUCT_BUNDLE_IDENTIFIER = salome.project;
				PRODUCT_NAME = "$(TARGET_NAME)";
				PROVISIONING_PROFILE_SPECIFIER = "";
				SWIFT_EMIT_LOC_STRINGS = YES;
				SWIFT_VERSION = 5.0;
				TARGETED_DEVICE_FAMILY = "1,2";
			};
			name = Release;
		};
/* End XCBuildConfiguration section */

/* Begin XCConfigurationList section */
		E3163AF52B0DF69C009CAA9D /* Build configuration list for PBXProject "project" */ = {
			isa = XCConfigurationList;
			buildConfigurations = (
				E3163B062B0DF69F009CAA9D /* Debug */,
				E3163B072B0DF69F009CAA9D /* Release */,
			);
			defaultConfigurationIsVisible = 0;
			defaultConfigurationName = Release;
		};
		E3163B082B0DF69F009CAA9D /* Build configuration list for PBXNativeTarget "project" */ = {
			isa = XCConfigurationList;
			buildConfigurations = (
				E3163B092B0DF69F009CAA9D /* Debug */,
				E3163B0A2B0DF69F009CAA9D /* Release */,
			);
			defaultConfigurationIsVisible = 0;
			defaultConfigurationName = Release;
		};
/* End XCConfigurationList section */
	};
	rootObject = E3163AF22B0DF69C009CAA9D /* Project object */;
}
